
Microsoft Visual Studio Solution File, Format Version 12.00
# Visual Studio Version 17
VisualStudioVersion = 17.0.31903.59
MinimumVisualStudioVersion = 10.0.40219.1
Project("{FAE04EC0-301F-11D3-BF4B-00C04F79EFBC}") = "Avatar.Shared", "Avatar.Shared\Avatar.Shared.csproj", "{37E2711F-8FF1-4827-B9C2-223800585411}"
EndProject
Project("{FAE04EC0-301F-11D3-BF4B-00C04F79EFBC}") = "AvatarController", "AvatarController\AvatarController.csproj", "{16A287E5-12D1-46C8-9402-BE0C6EE468F6}"
EndProject
Project("{FAE04EC0-301F-11D3-BF4B-00C04F79EFBC}") = "AvatarAgent", "AvatarAgent\AvatarAgent.csproj", "{2D7B8013-4EFC-4113-B0EF-0AABF9AB8669}"
EndProject
Global
	GlobalSection(SolutionConfigurationPlatforms) = preSolution
		Debug|Any CPU = Debug|Any CPU
		Debug|x64 = Debug|x64
		Debug|x86 = Debug|x86
		Release|Any CPU = Release|Any CPU
		Release|x64 = Release|x64
		Release|x86 = Release|x86
	EndGlobalSection
	GlobalSection(ProjectConfigurationPlatforms) = postSolution
		{37E2711F-8FF1-4827-B9C2-223800585411}.Debug|Any CPU.ActiveCfg = Debug|Any CPU
		{37E2711F-8FF1-4827-B9C2-223800585411}.Debug|Any CPU.Build.0 = Debug|Any CPU
		{37E2711F-8FF1-4827-B9C2-223800585411}.Debug|x64.ActiveCfg = Debug|Any CPU
		{37E2711F-8FF1-4827-B9C2-223800585411}.Debug|x64.Build.0 = Debug|Any CPU
		{37E2711F-8FF1-4827-B9C2-223800585411}.Debug|x86.ActiveCfg = Debug|Any CPU
		{37E2711F-8FF1-4827-B9C2-223800585411}.Debug|x86.Build.0 = Debug|Any CPU
		{37E2711F-8FF1-4827-B9C2-223800585411}.Release|Any CPU.ActiveCfg = Release|Any CPU
		{37E2711F-8FF1-4827-B9C2-223800585411}.Release|Any CPU.Build.0 = Release|Any CPU
		{37E2711F-8FF1-4827-B9C2-223800585411}.Release|x64.ActiveCfg = Release|Any CPU
		{37E2711F-8FF1-4827-B9C2-223800585411}.Release|x64.Build.0 = Release|Any CPU
		{37E2711F-8FF1-4827-B9C2-223800585411}.Release|x86.ActiveCfg = Release|Any CPU
		{37E2711F-8FF1-4827-B9C2-223800585411}.Release|x86.Build.0 = Release|Any CPU
		{16A287E5-12D1-46C8-9402-BE0C6EE468F6}.Debug|Any CPU.ActiveCfg = Debug|Any CPU
		{16A287E5-12D1-46C8-9402-BE0C6EE468F6}.Debug|Any CPU.Build.0 = Debug|Any CPU
		{16A287E5-12D1-46C8-9402-BE0C6EE468F6}.Debug|x64.ActiveCfg = Debug|Any CPU
		{16A287E5-12D1-46C8-9402-BE0C6EE468F6}.Debug|x64.Build.0 = Debug|Any CPU
		{16A287E5-12D1-46C8-9402-BE0C6EE468F6}.Debug|x86.ActiveCfg = Debug|Any CPU
		{16A287E5-12D1-46C8-9402-BE0C6EE468F6}.Debug|x86.Build.0 = Debug|Any CPU
		{16A287E5-12D1-46C8-9402-BE0C6EE468F6}.Release|Any CPU.ActiveCfg = Release|Any CPU
		{16A287E5-12D1-46C8-9402-BE0C6EE468F6}.Release|Any CPU.Build.0 = Release|Any CPU
		{16A287E5-12D1-46C8-9402-BE0C6EE468F6}.Release|x64.ActiveCfg = Release|Any CPU
		{16A287E5-12D1-46C8-9402-BE0C6EE468F6}.Release|x64.Build.0 = Release|Any CPU
		{16A287E5-12D1-46C8-9402-BE0C6EE468F6}.Release|x86.ActiveCfg = Release|Any CPU
		{16A287E5-12D1-46C8-9402-BE0C6EE468F6}.Release|x86.Build.0 = Release|Any CPU
		{2D7B8013-4EFC-4113-B0EF-0AABF9AB8669}.Debug|Any CPU.ActiveCfg = Debug|Any CPU
		{2D7B8013-4EFC-4113-B0EF-0AABF9AB8669}.Debug|Any CPU.Build.0 = Debug|Any CPU
		{2D7B8013-4EFC-4113-B0EF-0AABF9AB8669}.Debug|x64.ActiveCfg = Debug|Any CPU
		{2D7B8013-4EFC-4113-B0EF-0AABF9AB8669}.Debug|x64.Build.0 = Debug|Any CPU
		{2D7B8013-4EFC-4113-B0EF-0AABF9AB8669}.Debug|x86.ActiveCfg = Debug|Any CPU
		{2D7B8013-4EFC-4113-B0EF-0AABF9AB8669}.Debug|x86.Build.0 = Debug|Any CPU
		{2D7B8013-4EFC-4113-B0EF-0AABF9AB8669}.Release|Any CPU.ActiveCfg = Release|Any CPU
		{2D7B8013-4EFC-4113-B0EF-0AABF9AB8669}.Release|Any CPU.Build.0 = Release|Any CPU
		{2D7B8013-4EFC-4113-B0EF-0AABF9AB8669}.Release|x64.ActiveCfg = Release|Any CPU
		{2D7B8013-4EFC-4113-B0EF-0AABF9AB8669}.Release|x64.Build.0 = Release|Any CPU
		{2D7B8013-4EFC-4113-B0EF-0AABF9AB8669}.Release|x86.ActiveCfg = Release|Any CPU
		{2D7B8013-4EFC-4113-B0EF-0AABF9AB8669}.Release|x86.Build.0 = Release|Any CPU
	EndGlobalSection
	GlobalSection(SolutionProperties) = preSolution
		HideSolutionNode = FALSE
	EndGlobalSection
EndGlobal
